
Microsoft Visual Studio Solution File, Format Version 12.00
# Visual Studio Version 17
VisualStudioVersion = 17.4.33110.190
MinimumVisualStudioVersion = 10.0.40219.1
Project("{FAE04EC0-301F-11D3-BF4B-00C04F79EFBC}") = "WebApplicationGraphQL", "WebApplicationGraphQL\WebApplicationGraphQL.csproj", "{40D271F5-EFFD-4366-8C3B-6A65997DB378}"
EndProject
Global
	GlobalSection(SolutionConfigurationPlatforms) = preSolution
		Debug|Any CPU = Debug|Any CPU
		Release|Any CPU = Release|Any CPU
	EndGlobalSection
	GlobalSection(ProjectConfigurationPlatforms) = postSolution
		{40D271F5-EFFD-4366-8C3B-6A65997DB378}.Debug|Any CPU.ActiveCfg = Debug|Any CPU
		{40D271F5-EFFD-4366-8C3B-6A65997DB378}.Debug|Any CPU.Build.0 = Debug|Any CPU
		{40D271F5-EFFD-4366-8C3B-6A65997DB378}.Release|Any CPU.ActiveCfg = Release|Any CPU
		{40D271F5-EFFD-4366-8C3B-6A65997DB378}.Release|Any CPU.Build.0 = Release|Any CPU
	EndGlobalSection
	GlobalSection(SolutionProperties) = preSolution
		HideSolutionNode = FALSE
	EndGlobalSection
	GlobalSection(ExtensibilityGlobals) = postSolution
		SolutionGuid = {5E7BE2F5-9D3D-4CB4-8D5E-07A554812DC5}
	EndGlobalSection
EndGlobal
